
Microsoft Visual Studio Solution File, Format Version 12.00
# Visual Studio 15
VisualStudioVersion = 15.0.27428.2011
MinimumVisualStudioVersion = 10.0.40219.1
Project("{FAE04EC0-301F-11D3-BF4B-00C04F79EFBC}") = "MBOM", "MBOM\MBOM.csproj", "{5D8EE84E-0696-486D-86E3-A1803D018757}"
	ProjectSection(ProjectDependencies) = postProject
		{2D2529D8-11A8-4C22-BA65-22D2247D6E38} = {2D2529D8-11A8-4C22-BA65-22D2247D6E38}
	EndProjectSection
EndProject
Project("{FAE04EC0-301F-11D3-BF4B-00C04F79EFBC}") = "Model", "Model\Model.csproj", "{2D2529D8-11A8-4C22-BA65-22D2247D6E38}"
EndProject
Project("{FAE04EC0-301F-11D3-BF4B-00C04F79EFBC}") = "Localization", "Localization\Localization.csproj", "{CFB93A91-B8C6-4434-A775-FA7315DD9CCB}"
EndProject
Project("{FAE04EC0-301F-11D3-BF4B-00C04F79EFBC}") = "Repository", "Repository\Repository.csproj", "{339AF863-7090-4D58-A009-7312CC5E8118}"
EndProject
Global
	GlobalSection(SolutionConfigurationPlatforms) = preSolution
		Debug|Any CPU = Debug|Any CPU
		Release|Any CPU = Release|Any CPU
	EndGlobalSection
	GlobalSection(ProjectConfigurationPlatforms) = postSolution
		{5D8EE84E-0696-486D-86E3-A1803D018757}.Debug|Any CPU.ActiveCfg = Debug|Any CPU
		{5D8EE84E-0696-486D-86E3-A1803D018757}.Debug|Any CPU.Build.0 = Debug|Any CPU
		{5D8EE84E-0696-486D-86E3-A1803D018757}.Release|Any CPU.ActiveCfg = Release|Any CPU
		{5D8EE84E-0696-486D-86E3-A1803D018757}.Release|Any CPU.Build.0 = Release|Any CPU
		{2D2529D8-11A8-4C22-BA65-22D2247D6E38}.Debug|Any CPU.ActiveCfg = Debug|Any CPU
		{2D2529D8-11A8-4C22-BA65-22D2247D6E38}.Debug|Any CPU.Build.0 = Debug|Any CPU
		{2D2529D8-11A8-4C22-BA65-22D2247D6E38}.Release|Any CPU.ActiveCfg = Release|Any CPU
		{2D2529D8-11A8-4C22-BA65-22D2247D6E38}.Release|Any CPU.Build.0 = Release|Any CPU
		{CFB93A91-B8C6-4434-A775-FA7315DD9CCB}.Debug|Any CPU.ActiveCfg = Debug|Any CPU
		{CFB93A91-B8C6-4434-A775-FA7315DD9CCB}.Debug|Any CPU.Build.0 = Debug|Any CPU
		{CFB93A91-B8C6-4434-A775-FA7315DD9CCB}.Release|Any CPU.ActiveCfg = Release|Any CPU
		{CFB93A91-B8C6-4434-A775-FA7315DD9CCB}.Release|Any CPU.Build.0 = Release|Any CPU
		{339AF863-7090-4D58-A009-7312CC5E8118}.Debug|Any CPU.ActiveCfg = Debug|Any CPU
		{339AF863-7090-4D58-A009-7312CC5E8118}.Debug|Any CPU.Build.0 = Debug|Any CPU
		{339AF863-7090-4D58-A009-7312CC5E8118}.Release|Any CPU.ActiveCfg = Release|Any CPU
		{339AF863-7090-4D58-A009-7312CC5E8118}.Release|Any CPU.Build.0 = Release|Any CPU
	EndGlobalSection
	GlobalSection(SolutionProperties) = preSolution
		HideSolutionNode = FALSE
	EndGlobalSection
	GlobalSection(ExtensibilityGlobals) = postSolution
		SolutionGuid = {A34986C8-0551-46C6-9FFF-9CC8E31D8806}
	EndGlobalSection
EndGlobal
